# This file is automatically @generated by Cargo.
# It is not intended for manual editing.
version = 4

[[package]]
name = "bindport"
version = "0.0.0"
dependencies = [
 "bindport-adapters",
 "bindport-core",
 "bindport-registry",
 "bindport-runner",
]

[[package]]
name = "bindport-adapters"
version = "0.0.0"

[[package]]
name = "bindport-core"
version = "0.0.0"

[[package]]
name = "bindport-registry"
version = "0.0.0"
dependencies = [
 "bindport-core",
]

[[package]]
name = "bindport-runner"
version = "0.0.0"
dependencies = [
 "bindport-core",
]
